// !$*UTF8*$!
{
	archiveVersion = 1;
	classes = {
	};
	objectVersion = 48;
	objects = {

/* Begin PBXBuildFile section */
		2017167313F1B703E60E9240 /* Pods_TaskTime.framework in Frameworks */ = {isa = PBXBuildFile; fileRef = 263E25D958A3B9B561E7A9F1 /* Pods_TaskTime.framework */; };
		7D2E9EF4205508D900F81311 /* OptionTableViewController.swift in Sources */ = {isa = PBXBuildFile; fileRef = 7D2E9EF3205508D900F81311 /* OptionTableViewController.swift */; };
		7D2E9EF62055166B00F81311 /* README.md in Resources */ = {isa = PBXBuildFile; fileRef = 7D2E9EF52055166B00F81311 /* README.md */; };
		7D5955E82049D3DF008E2C9C /* AppDelegate.swift in Sources */ = {isa = PBXBuildFile; fileRef = 7D5955E72049D3DF008E2C9C /* AppDelegate.swift */; };
		7D5955EA2049D3DF008E2C9C /* PointsViewController.swift in Sources */ = {isa = PBXBuildFile; fileRef = 7D5955E92049D3DF008E2C9C /* PointsViewController.swift */; };
		7D5955ED2049D3DF008E2C9C /* Main.storyboard in Resources */ = {isa = PBXBuildFile; fileRef = 7D5955EB2049D3DF008E2C9C /* Main.storyboard */; };
		7D5955EF2049D3DF008E2C9C /* Assets.xcassets in Resources */ = {isa = PBXBuildFile; fileRef = 7D5955EE2049D3DF008E2C9C /* Assets.xcassets */; };
		7D5955F22049D3DF008E2C9C /* LaunchScreen.storyboard in Resources */ = {isa = PBXBuildFile; fileRef = 7D5955F02049D3DF008E2C9C /* LaunchScreen.storyboard */; };
		7D7382F6206C04E8002FE875 /* Formatting.swift in Sources */ = {isa = PBXBuildFile; fileRef = 7D7382F5206C04E8002FE875 /* Formatting.swift */; };
		7D7382FA206DDDE3002FE875 /* HabitsViewController.swift in Sources */ = {isa = PBXBuildFile; fileRef = 7D7382F9206DDDE3002FE875 /* HabitsViewController.swift */; };
		7D7DAAFA20D88CD10067C566 /* ItemViewController.swift in Sources */ = {isa = PBXBuildFile; fileRef = 7D7DAAF920D88CD10067C566 /* ItemViewController.swift */; };
		7D94DD6920586066002724AE /* SavingsViewController.swift in Sources */ = {isa = PBXBuildFile; fileRef = 7D94DD6820586066002724AE /* SavingsViewController.swift */; };
		7D94DD6D205AE8EA002724AE /* RemindersViewController.swift in Sources */ = {isa = PBXBuildFile; fileRef = 7D94DD6C205AE8EA002724AE /* RemindersViewController.swift */; };
		7D9577AE20B7455E00E17469 /* Sounds in Resources */ = {isa = PBXBuildFile; fileRef = 7D9577AD20B7455E00E17469 /* Sounds */; };
		7D9B0ED220DF4A3600E3F6A6 /* ImageViewController.swift in Sources */ = {isa = PBXBuildFile; fileRef = 7D9B0ED120DF4A3600E3F6A6 /* ImageViewController.swift */; };
		7D9F927220552A55003A5CBD /* TaskViewController.swift in Sources */ = {isa = PBXBuildFile; fileRef = 7D9F927120552A55003A5CBD /* TaskViewController.swift */; };
		7DA81ABB205C925200266224 /* RewardsViewController.swift in Sources */ = {isa = PBXBuildFile; fileRef = 7DA81ABA205C925200266224 /* RewardsViewController.swift */; };
		7DA81ABF206362CC00266224 /* HistoryViewController.swift in Sources */ = {isa = PBXBuildFile; fileRef = 7DA81ABE206362CC00266224 /* HistoryViewController.swift */; };
		7DA81AC52063716800266224 /* ResolutionsTableViewController.swift in Sources */ = {isa = PBXBuildFile; fileRef = 7DA81AC42063716800266224 /* ResolutionsTableViewController.swift */; };
		7DBFA53520A66D2900B2F3C6 /* SettingsViewController.swift in Sources */ = {isa = PBXBuildFile; fileRef = 7DBFA53420A66D2900B2F3C6 /* SettingsViewController.swift */; };
		7DD0FF7A20B49188006A25E7 /* AVFoundation.framework in Frameworks */ = {isa = PBXBuildFile; fileRef = 7DD0FF7920B49188006A25E7 /* AVFoundation.framework */; };
		D2ACE0BC617A60F3ACEBB46C /* Pods_TaskTimeTests.framework in Frameworks */ = {isa = PBXBuildFile; fileRef = 03CB5ADCAFE5EEAD03B04AA3 /* Pods_TaskTimeTests.framework */; };
/* End PBXBuildFile section */

/* Begin PBXContainerItemProxy section */
		7D5955F92049D3DF008E2C9C /* PBXContainerItemProxy */ = {
			isa = PBXContainerItemProxy;
			containerPortal = 7D5955DC2049D3DF008E2C9C /* Project object */;
			proxyType = 1;
			remoteGlobalIDString = 7D5955E32049D3DF008E2C9C;
			remoteInfo = "Habit Monitor";
		};
/* End PBXContainerItemProxy section */

/* Begin PBXFileReference section */
		03CB5ADCAFE5EEAD03B04AA3 /* Pods_TaskTimeTests.framework */ = {isa = PBXFileReference; explicitFileType = wrapper.framework; includeInIndex = 0; path = Pods_TaskTimeTests.framework; sourceTree = BUILT_PRODUCTS_DIR; };
		263E25D958A3B9B561E7A9F1 /* Pods_TaskTime.framework */ = {isa = PBXFileReference; explicitFileType = wrapper.framework; includeInIndex = 0; path = Pods_TaskTime.framework; sourceTree = BUILT_PRODUCTS_DIR; };
		76BCAD050A66315DA7EF4510 /* Pods-TaskTime.debug.xcconfig */ = {isa = PBXFileReference; includeInIndex = 1; lastKnownFileType = text.xcconfig; name = "Pods-TaskTime.debug.xcconfig"; path = "Pods/Target Support Files/Pods-TaskTime/Pods-TaskTime.debug.xcconfig"; sourceTree = "<group>"; };
		7D2E9EF3205508D900F81311 /* OptionTableViewController.swift */ = {isa = PBXFileReference; lastKnownFileType = sourcecode.swift; path = OptionTableViewController.swift; sourceTree = "<group>"; };
		7D2E9EF52055166B00F81311 /* README.md */ = {isa = PBXFileReference; lastKnownFileType = net.daringfireball.markdown; path = README.md; sourceTree = "<group>"; };
		7D5955E42049D3DF008E2C9C /* TaskTime.app */ = {isa = PBXFileReference; explicitFileType = wrapper.application; includeInIndex = 0; path = TaskTime.app; sourceTree = BUILT_PRODUCTS_DIR; };
		7D5955E72049D3DF008E2C9C /* AppDelegate.swift */ = {isa = PBXFileReference; lastKnownFileType = sourcecode.swift; path = AppDelegate.swift; sourceTree = "<group>"; };
		7D5955E92049D3DF008E2C9C /* PointsViewController.swift */ = {isa = PBXFileReference; lastKnownFileType = sourcecode.swift; path = PointsViewController.swift; sourceTree = "<group>"; };
		7D5955EC2049D3DF008E2C9C /* Base */ = {isa = PBXFileReference; lastKnownFileType = file.storyboard; name = Base; path = Base.lproj/Main.storyboard; sourceTree = "<group>"; };
		7D5955EE2049D3DF008E2C9C /* Assets.xcassets */ = {isa = PBXFileReference; lastKnownFileType = folder.assetcatalog; path = Assets.xcassets; sourceTree = "<group>"; };
		7D5955F12049D3DF008E2C9C /* Base */ = {isa = PBXFileReference; lastKnownFileType = file.storyboard; name = Base; path = Base.lproj/LaunchScreen.storyboard; sourceTree = "<group>"; };
		7D5955F32049D3DF008E2C9C /* Info.plist */ = {isa = PBXFileReference; lastKnownFileType = text.plist.xml; path = Info.plist; sourceTree = "<group>"; };
		7D5955F82049D3DF008E2C9C /* TaskTimeTests.xctest */ = {isa = PBXFileReference; explicitFileType = wrapper.cfbundle; includeInIndex = 0; path = TaskTimeTests.xctest; sourceTree = BUILT_PRODUCTS_DIR; };
		7D7382F5206C04E8002FE875 /* Formatting.swift */ = {isa = PBXFileReference; fileEncoding = 4; lastKnownFileType = sourcecode.swift; path = Formatting.swift; sourceTree = "<group>"; };
		7D7382F9206DDDE3002FE875 /* HabitsViewController.swift */ = {isa = PBXFileReference; lastKnownFileType = sourcecode.swift; path = HabitsViewController.swift; sourceTree = "<group>"; };
		7D7DAAF920D88CD10067C566 /* ItemViewController.swift */ = {isa = PBXFileReference; lastKnownFileType = sourcecode.swift; path = ItemViewController.swift; sourceTree = "<group>"; };
		7D94DD6820586066002724AE /* SavingsViewController.swift */ = {isa = PBXFileReference; lastKnownFileType = sourcecode.swift; path = SavingsViewController.swift; sourceTree = "<group>"; };
		7D94DD6C205AE8EA002724AE /* RemindersViewController.swift */ = {isa = PBXFileReference; lastKnownFileType = sourcecode.swift; path = RemindersViewController.swift; sourceTree = "<group>"; };
		7D9577AD20B7455E00E17469 /* Sounds */ = {isa = PBXFileReference; lastKnownFileType = folder; path = Sounds; sourceTree = "<group>"; };
		7D9B0ED120DF4A3600E3F6A6 /* ImageViewController.swift */ = {isa = PBXFileReference; lastKnownFileType = sourcecode.swift; path = ImageViewController.swift; sourceTree = "<group>"; };
		7D9F927120552A55003A5CBD /* TaskViewController.swift */ = {isa = PBXFileReference; lastKnownFileType = sourcecode.swift; path = TaskViewController.swift; sourceTree = "<group>"; };
		7DA81ABA205C925200266224 /* RewardsViewController.swift */ = {isa = PBXFileReference; lastKnownFileType = sourcecode.swift; path = RewardsViewController.swift; sourceTree = "<group>"; };
		7DA81ABE206362CC00266224 /* HistoryViewController.swift */ = {isa = PBXFileReference; lastKnownFileType = sourcecode.swift; path = HistoryViewController.swift; sourceTree = "<group>"; };
		7DA81AC42063716800266224 /* ResolutionsTableViewController.swift */ = {isa = PBXFileReference; lastKnownFileType = sourcecode.swift; path = ResolutionsTableViewController.swift; sourceTree = "<group>"; };
		7DBFA53420A66D2900B2F3C6 /* SettingsViewController.swift */ = {isa = PBXFileReference; lastKnownFileType = sourcecode.swift; path = SettingsViewController.swift; sourceTree = "<group>"; };
		7DD0FF7920B49188006A25E7 /* AVFoundation.framework */ = {isa = PBXFileReference; lastKnownFileType = wrapper.framework; name = AVFoundation.framework; path = System/Library/Frameworks/AVFoundation.framework; sourceTree = SDKROOT; };
		AA3AEBB195039900A29DBBFC /* Pods-TaskTime.release.xcconfig */ = {isa = PBXFileReference; includeInIndex = 1; lastKnownFileType = text.xcconfig; name = "Pods-TaskTime.release.xcconfig"; path = "Pods/Target Support Files/Pods-TaskTime/Pods-TaskTime.release.xcconfig"; sourceTree = "<group>"; };
		ABCBD013BFB3E4CC21B774B2 /* Pods-TaskTimeTests.debug.xcconfig */ = {isa = PBXFileReference; includeInIndex = 1; lastKnownFileType = text.xcconfig; name = "Pods-TaskTimeTests.debug.xcconfig"; path = "Pods/Target Support Files/Pods-TaskTimeTests/Pods-TaskTimeTests.debug.xcconfig"; sourceTree = "<group>"; };
		D3122BB576354D28F8743120 /* Pods-TaskTimeTests.release.xcconfig */ = {isa = PBXFileReference; includeInIndex = 1; lastKnownFileType = text.xcconfig; name = "Pods-TaskTimeTests.release.xcconfig"; path = "Pods/Target Support Files/Pods-TaskTimeTests/Pods-TaskTimeTests.release.xcconfig"; sourceTree = "<group>"; };
/* End PBXFileReference section */

/* Begin PBXFrameworksBuildPhase section */
		7D5955E12049D3DF008E2C9C /* Frameworks */ = {
			isa = PBXFrameworksBuildPhase;
			buildActionMask = 2147483647;
			files = (
				7DD0FF7A20B49188006A25E7 /* AVFoundation.framework in Frameworks */,
				2017167313F1B703E60E9240 /* Pods_TaskTime.framework in Frameworks */,
			);
			runOnlyForDeploymentPostprocessing = 0;
		};
		7D5955F52049D3DF008E2C9C /* Frameworks */ = {
			isa = PBXFrameworksBuildPhase;
			buildActionMask = 2147483647;
			files = (
				D2ACE0BC617A60F3ACEBB46C /* Pods_TaskTimeTests.framework in Frameworks */,
			);
			runOnlyForDeploymentPostprocessing = 0;
		};
/* End PBXFrameworksBuildPhase section */

/* Begin PBXGroup section */
		7D5955DB2049D3DF008E2C9C = {
			isa = PBXGroup;
			children = (
				7D2E9EF52055166B00F81311 /* README.md */,
				7D5955E62049D3DF008E2C9C /* TaskTime */,
				7D5955E52049D3DF008E2C9C /* Products */,
				8CFE55EFAD6C8E56BB7869AD /* Pods */,
				937C4890663B6468A5146EE1 /* Frameworks */,
			);
			sourceTree = "<group>";
		};
		7D5955E52049D3DF008E2C9C /* Products */ = {
			isa = PBXGroup;
			children = (
				7D5955E42049D3DF008E2C9C /* TaskTime.app */,
				7D5955F82049D3DF008E2C9C /* TaskTimeTests.xctest */,
			);
			name = Products;
			sourceTree = "<group>";
		};
		7D5955E62049D3DF008E2C9C /* TaskTime */ = {
			isa = PBXGroup;
			children = (
				7D5955F02049D3DF008E2C9C /* LaunchScreen.storyboard */,
				7D5955EB2049D3DF008E2C9C /* Main.storyboard */,
				7D5955E72049D3DF008E2C9C /* AppDelegate.swift */,
				7D9B0ED120DF4A3600E3F6A6 /* ImageViewController.swift */,
				7D7DAAF920D88CD10067C566 /* ItemViewController.swift */,
				7D2E9EF3205508D900F81311 /* OptionTableViewController.swift */,
				7D5955E92049D3DF008E2C9C /* PointsViewController.swift */,
				7D9F927120552A55003A5CBD /* TaskViewController.swift */,
				7D7382F9206DDDE3002FE875 /* HabitsViewController.swift */,
				7D94DD6C205AE8EA002724AE /* RemindersViewController.swift */,
				7DA81ABA205C925200266224 /* RewardsViewController.swift */,
				7DA81ABE206362CC00266224 /* HistoryViewController.swift */,
				7D94DD6820586066002724AE /* SavingsViewController.swift */,
				7DA81AC42063716800266224 /* ResolutionsTableViewController.swift */,
				7DBFA53420A66D2900B2F3C6 /* SettingsViewController.swift */,
				7D7382F5206C04E8002FE875 /* Formatting.swift */,
				7D5955EE2049D3DF008E2C9C /* Assets.xcassets */,
				7D9577AD20B7455E00E17469 /* Sounds */,
				7D5955F32049D3DF008E2C9C /* Info.plist */,
			);
			path = TaskTime;
			sourceTree = "<group>";
		};
		8CFE55EFAD6C8E56BB7869AD /* Pods */ = {
			isa = PBXGroup;
			children = (
				76BCAD050A66315DA7EF4510 /* Pods-TaskTime.debug.xcconfig */,
				AA3AEBB195039900A29DBBFC /* Pods-TaskTime.release.xcconfig */,
				ABCBD013BFB3E4CC21B774B2 /* Pods-TaskTimeTests.debug.xcconfig */,
				D3122BB576354D28F8743120 /* Pods-TaskTimeTests.release.xcconfig */,
			);
			name = Pods;
			sourceTree = "<group>";
		};
		937C4890663B6468A5146EE1 /* Frameworks */ = {
			isa = PBXGroup;
			children = (
				7DD0FF7920B49188006A25E7 /* AVFoundation.framework */,
				263E25D958A3B9B561E7A9F1 /* Pods_TaskTime.framework */,
				03CB5ADCAFE5EEAD03B04AA3 /* Pods_TaskTimeTests.framework */,
			);
			name = Frameworks;
			sourceTree = "<group>";
		};
/* End PBXGroup section */

/* Begin PBXNativeTarget section */
		7D5955E32049D3DF008E2C9C /* TaskTime */ = {
			isa = PBXNativeTarget;
			buildConfigurationList = 7D5956012049D3DF008E2C9C /* Build configuration list for PBXNativeTarget "TaskTime" */;
			buildPhases = (
				FF448F8B5C5EF1AF29B92B63 /* [CP] Check Pods Manifest.lock */,
				7D5955E02049D3DF008E2C9C /* Sources */,
				7D5955E12049D3DF008E2C9C /* Frameworks */,
				7D5955E22049D3DF008E2C9C /* Resources */,
				9F950B89D349EEA5B348132B /* [CP] Embed Pods Frameworks */,
			);
			buildRules = (
			);
			dependencies = (
			);
			name = TaskTime;
			productName = "Habit Monitor";
			productReference = 7D5955E42049D3DF008E2C9C /* TaskTime.app */;
			productType = "com.apple.product-type.application";
		};
		7D5955F72049D3DF008E2C9C /* TaskTimeTests */ = {
			isa = PBXNativeTarget;
			buildConfigurationList = 7D5956042049D3DF008E2C9C /* Build configuration list for PBXNativeTarget "TaskTimeTests" */;
			buildPhases = (
				CC866A52E6D562DAD63EE069 /* [CP] Check Pods Manifest.lock */,
				7D5955F42049D3DF008E2C9C /* Sources */,
				7D5955F52049D3DF008E2C9C /* Frameworks */,
				7D5955F62049D3DF008E2C9C /* Resources */,
			);
			buildRules = (
			);
			dependencies = (
				7D5955FA2049D3DF008E2C9C /* PBXTargetDependency */,
			);
			name = TaskTimeTests;
			productName = "Habit MonitorTests";
			productReference = 7D5955F82049D3DF008E2C9C /* TaskTimeTests.xctest */;
			productType = "com.apple.product-type.bundle.unit-test";
		};
/* End PBXNativeTarget section */

/* Begin PBXProject section */
		7D5955DC2049D3DF008E2C9C /* Project object */ = {
			isa = PBXProject;
			attributes = {
				LastSwiftUpdateCheck = 0920;
				LastUpgradeCheck = 0930;
				ORGANIZATIONNAME = NiLabs;
				TargetAttributes = {
					7D5955E32049D3DF008E2C9C = {
						CreatedOnToolsVersion = 9.2;
						ProvisioningStyle = Automatic;
					};
					7D5955F72049D3DF008E2C9C = {
						CreatedOnToolsVersion = 9.2;
						ProvisioningStyle = Automatic;
						TestTargetID = 7D5955E32049D3DF008E2C9C;
					};
				};
			};
			buildConfigurationList = 7D5955DF2049D3DF008E2C9C /* Build configuration list for PBXProject "TaskTime" */;
			compatibilityVersion = "Xcode 8.0";
			developmentRegion = en;
			hasScannedForEncodings = 0;
			knownRegions = (
				en,
				Base,
			);
			mainGroup = 7D5955DB2049D3DF008E2C9C;
			productRefGroup = 7D5955E52049D3DF008E2C9C /* Products */;
			projectDirPath = "";
			projectRoot = "";
			targets = (
				7D5955E32049D3DF008E2C9C /* TaskTime */,
				7D5955F72049D3DF008E2C9C /* TaskTimeTests */,
			);
		};
/* End PBXProject section */

/* Begin PBXResourcesBuildPhase section */
		7D5955E22049D3DF008E2C9C /* Resources */ = {
			isa = PBXResourcesBuildPhase;
			buildActionMask = 2147483647;
			files = (
				7D9577AE20B7455E00E17469 /* Sounds in Resources */,
				7D5955F22049D3DF008E2C9C /* LaunchScreen.storyboard in Resources */,
				7D5955EF2049D3DF008E2C9C /* Assets.xcassets in Resources */,
				7D2E9EF62055166B00F81311 /* README.md in Resources */,
				7D5955ED2049D3DF008E2C9C /* Main.storyboard in Resources */,
			);
			runOnlyForDeploymentPostprocessing = 0;
		};
		7D5955F62049D3DF008E2C9C /* Resources */ = {
			isa = PBXResourcesBuildPhase;
			buildActionMask = 2147483647;
			files = (
			);
			runOnlyForDeploymentPostprocessing = 0;
		};
/* End PBXResourcesBuildPhase section */

/* Begin PBXShellScriptBuildPhase section */
		9F950B89D349EEA5B348132B /* [CP] Embed Pods Frameworks */ = {
			isa = PBXShellScriptBuildPhase;
			buildActionMask = 2147483647;
			files = (
			);
			inputPaths = (
				"${SRCROOT}/Pods/Target Support Files/Pods-TaskTime/Pods-TaskTime-frameworks.sh",
				"${BUILT_PRODUCTS_DIR}/MGSwipeTableCell/MGSwipeTableCell.framework",
			);
			name = "[CP] Embed Pods Frameworks";
			outputPaths = (
				"${TARGET_BUILD_DIR}/${FRAMEWORKS_FOLDER_PATH}/MGSwipeTableCell.framework",
			);
			runOnlyForDeploymentPostprocessing = 0;
			shellPath = /bin/sh;
			shellScript = "\"${SRCROOT}/Pods/Target Support Files/Pods-TaskTime/Pods-TaskTime-frameworks.sh\"\n";
			showEnvVarsInLog = 0;
		};
		CC866A52E6D562DAD63EE069 /* [CP] Check Pods Manifest.lock */ = {
			isa = PBXShellScriptBuildPhase;
			buildActionMask = 2147483647;
			files = (
			);
			inputPaths = (
				"${PODS_PODFILE_DIR_PATH}/Podfile.lock",
				"${PODS_ROOT}/Manifest.lock",
			);
			name = "[CP] Check Pods Manifest.lock";
			outputPaths = (
				"$(DERIVED_FILE_DIR)/Pods-TaskTimeTests-checkManifestLockResult.txt",
			);
			runOnlyForDeploymentPostprocessing = 0;
			shellPath = /bin/sh;
			shellScript = "diff \"${PODS_PODFILE_DIR_PATH}/Podfile.lock\" \"${PODS_ROOT}/Manifest.lock\" > /dev/null\nif [ $? != 0 ] ; then\n    # print error to STDERR\n    echo \"error: The sandbox is not in sync with the Podfile.lock. Run 'pod install' or update your CocoaPods installation.\" >&2\n    exit 1\nfi\n# This output is used by Xcode 'outputs' to avoid re-running this script phase.\necho \"SUCCESS\" > \"${SCRIPT_OUTPUT_FILE_0}\"\n";
			showEnvVarsInLog = 0;
		};
		FF448F8B5C5EF1AF29B92B63 /* [CP] Check Pods Manifest.lock */ = {
			isa = PBXShellScriptBuildPhase;
			buildActionMask = 2147483647;
			files = (
			);
			inputPaths = (
				"${PODS_PODFILE_DIR_PATH}/Podfile.lock",
				"${PODS_ROOT}/Manifest.lock",
			);
			name = "[CP] Check Pods Manifest.lock";
			outputPaths = (
				"$(DERIVED_FILE_DIR)/Pods-TaskTime-checkManifestLockResult.txt",
			);
			runOnlyForDeploymentPostprocessing = 0;
			shellPath = /bin/sh;
			shellScript = "diff \"${PODS_PODFILE_DIR_PATH}/Podfile.lock\" \"${PODS_ROOT}/Manifest.lock\" > /dev/null\nif [ $? != 0 ] ; then\n    # print error to STDERR\n    echo \"error: The sandbox is not in sync with the Podfile.lock. Run 'pod install' or update your CocoaPods installation.\" >&2\n    exit 1\nfi\n# This output is used by Xcode 'outputs' to avoid re-running this script phase.\necho \"SUCCESS\" > \"${SCRIPT_OUTPUT_FILE_0}\"\n";
			showEnvVarsInLog = 0;
		};
/* End PBXShellScriptBuildPhase section */

/* Begin PBXSourcesBuildPhase section */
		7D5955E02049D3DF008E2C9C /* Sources */ = {
			isa = PBXSourcesBuildPhase;
			buildActionMask = 2147483647;
			files = (
				7D94DD6920586066002724AE /* SavingsViewController.swift in Sources */,
				7DA81AC52063716800266224 /* ResolutionsTableViewController.swift in Sources */,
				7D5955EA2049D3DF008E2C9C /* PointsViewController.swift in Sources */,
				7D7DAAFA20D88CD10067C566 /* ItemViewController.swift in Sources */,
				7D7382F6206C04E8002FE875 /* Formatting.swift in Sources */,
				7DA81ABF206362CC00266224 /* HistoryViewController.swift in Sources */,
				7DBFA53520A66D2900B2F3C6 /* SettingsViewController.swift in Sources */,
				7D2E9EF4205508D900F81311 /* OptionTableViewController.swift in Sources */,
				7DA81ABB205C925200266224 /* RewardsViewController.swift in Sources */,
				7D94DD6D205AE8EA002724AE /* RemindersViewController.swift in Sources */,
				7D9B0ED220DF4A3600E3F6A6 /* ImageViewController.swift in Sources */,
				7D7382FA206DDDE3002FE875 /* HabitsViewController.swift in Sources */,
				7D5955E82049D3DF008E2C9C /* AppDelegate.swift in Sources */,
				7D9F927220552A55003A5CBD /* TaskViewController.swift in Sources */,
			);
			runOnlyForDeploymentPostprocessing = 0;
		};
		7D5955F42049D3DF008E2C9C /* Sources */ = {
			isa = PBXSourcesBuildPhase;
			buildActionMask = 2147483647;
			files = (
			);
			runOnlyForDeploymentPostprocessing = 0;
		};
/* End PBXSourcesBuildPhase section */

/* Begin PBXTargetDependency section */
		7D5955FA2049D3DF008E2C9C /* PBXTargetDependency */ = {
			isa = PBXTargetDependency;
			target = 7D5955E32049D3DF008E2C9C /* TaskTime */;
			targetProxy = 7D5955F92049D3DF008E2C9C /* PBXContainerItemProxy */;
		};
/* End PBXTargetDependency section */

/* Begin PBXVariantGroup section */
		7D5955EB2049D3DF008E2C9C /* Main.storyboard */ = {
			isa = PBXVariantGroup;
			children = (
				7D5955EC2049D3DF008E2C9C /* Base */,
			);
			name = Main.storyboard;
			sourceTree = "<group>";
		};
		7D5955F02049D3DF008E2C9C /* LaunchScreen.storyboard */ = {
			isa = PBXVariantGroup;
			children = (
				7D5955F12049D3DF008E2C9C /* Base */,
			);
			name = LaunchScreen.storyboard;
			sourceTree = "<group>";
		};
/* End PBXVariantGroup section */

/* Begin XCBuildConfiguration section */
		7D5955FF2049D3DF008E2C9C /* Debug */ = {
			isa = XCBuildConfiguration;
			buildSettings = {
				ALWAYS_SEARCH_USER_PATHS = NO;
				CLANG_ANALYZER_NONNULL = YES;
				CLANG_ANALYZER_NUMBER_OBJECT_CONVERSION = YES_AGGRESSIVE;
				CLANG_CXX_LANGUAGE_STANDARD = "gnu++14";
				CLANG_CXX_LIBRARY = "libc++";
				CLANG_ENABLE_MODULES = YES;
				CLANG_ENABLE_OBJC_ARC = YES;
				CLANG_WARN_BLOCK_CAPTURE_AUTORELEASING = YES;
				CLANG_WARN_BOOL_CONVERSION = YES;
				CLANG_WARN_COMMA = YES;
				CLANG_WARN_CONSTANT_CONVERSION = YES;
				CLANG_WARN_DEPRECATED_OBJC_IMPLEMENTATIONS = YES;
				CLANG_WARN_DIRECT_OBJC_ISA_USAGE = YES_ERROR;
				CLANG_WARN_DOCUMENTATION_COMMENTS = YES;
				CLANG_WARN_EMPTY_BODY = YES;
				CLANG_WARN_ENUM_CONVERSION = YES;
				CLANG_WARN_INFINITE_RECURSION = YES;
				CLANG_WARN_INT_CONVERSION = YES;
				CLANG_WARN_NON_LITERAL_NULL_CONVERSION = YES;
				CLANG_WARN_OBJC_IMPLICIT_RETAIN_SELF = YES;
				CLANG_WARN_OBJC_LITERAL_CONVERSION = YES;
				CLANG_WARN_OBJC_ROOT_CLASS = YES_ERROR;
				CLANG_WARN_RANGE_LOOP_ANALYSIS = YES;
				CLANG_WARN_STRICT_PROTOTYPES = YES;
				CLANG_WARN_SUSPICIOUS_MOVE = YES;
				CLANG_WARN_UNGUARDED_AVAILABILITY = YES_AGGRESSIVE;
				CLANG_WARN_UNREACHABLE_CODE = YES;
				CLANG_WARN__DUPLICATE_METHOD_MATCH = YES;
				CODE_SIGN_IDENTITY = "iPhone Developer";
				COPY_PHASE_STRIP = NO;
				DEBUG_INFORMATION_FORMAT = dwarf;
				ENABLE_STRICT_OBJC_MSGSEND = YES;
				ENABLE_TESTABILITY = YES;
				GCC_C_LANGUAGE_STANDARD = gnu11;
				GCC_DYNAMIC_NO_PIC = NO;
				GCC_NO_COMMON_BLOCKS = YES;
				GCC_OPTIMIZATION_LEVEL = 0;
				GCC_PREPROCESSOR_DEFINITIONS = (
					"DEBUG=1",
					"$(inherited)",
				);
				GCC_WARN_64_TO_32_BIT_CONVERSION = YES;
				GCC_WARN_ABOUT_RETURN_TYPE = YES_ERROR;
				GCC_WARN_UNDECLARED_SELECTOR = YES;
				GCC_WARN_UNINITIALIZED_AUTOS = YES_AGGRESSIVE;
				GCC_WARN_UNUSED_FUNCTION = YES;
				GCC_WARN_UNUSED_VARIABLE = YES;
				IPHONEOS_DEPLOYMENT_TARGET = 10.0;
				MTL_ENABLE_DEBUG_INFO = YES;
				ONLY_ACTIVE_ARCH = YES;
				SDKROOT = iphoneos;
				SWIFT_ACTIVE_COMPILATION_CONDITIONS = DEBUG;
				SWIFT_OPTIMIZATION_LEVEL = "-Onone";
			};
			name = Debug;
		};
		7D5956002049D3DF008E2C9C /* Release */ = {
			isa = XCBuildConfiguration;
			buildSettings = {
				ALWAYS_SEARCH_USER_PATHS = NO;
				CLANG_ANALYZER_NONNULL = YES;
				CLANG_ANALYZER_NUMBER_OBJECT_CONVERSION = YES_AGGRESSIVE;
				CLANG_CXX_LANGUAGE_STANDARD = "gnu++14";
				CLANG_CXX_LIBRARY = "libc++";
				CLANG_ENABLE_MODULES = YES;
				CLANG_ENABLE_OBJC_ARC = YES;
				CLANG_WARN_BLOCK_CAPTURE_AUTORELEASING = YES;
				CLANG_WARN_BOOL_CONVERSION = YES;
				CLANG_WARN_COMMA = YES;
				CLANG_WARN_CONSTANT_CONVERSION = YES;
				CLANG_WARN_DEPRECATED_OBJC_IMPLEMENTATIONS = YES;
				CLANG_WARN_DIRECT_OBJC_ISA_USAGE = YES_ERROR;
				CLANG_WARN_DOCUMENTATION_COMMENTS = YES;
				CLANG_WARN_EMPTY_BODY = YES;
				CLANG_WARN_ENUM_CONVERSION = YES;
				CLANG_WARN_INFINITE_RECURSION = YES;
				CLANG_WARN_INT_CONVERSION = YES;
				CLANG_WARN_NON_LITERAL_NULL_CONVERSION = YES;
				CLANG_WARN_OBJC_IMPLICIT_RETAIN_SELF = YES;
				CLANG_WARN_OBJC_LITERAL_CONVERSION = YES;
				CLANG_WARN_OBJC_ROOT_CLASS = YES_ERROR;
				CLANG_WARN_RANGE_LOOP_ANALYSIS = YES;
				CLANG_WARN_STRICT_PROTOTYPES = YES;
				CLANG_WARN_SUSPICIOUS_MOVE = YES;
				CLANG_WARN_UNGUARDED_AVAILABILITY = YES_AGGRESSIVE;
				CLANG_WARN_UNREACHABLE_CODE = YES;
				CLANG_WARN__DUPLICATE_METHOD_MATCH = YES;
				CODE_SIGN_IDENTITY = "iPhone Developer";
				COPY_PHASE_STRIP = NO;
				DEBUG_INFORMATION_FORMAT = "dwarf-with-dsym";
				ENABLE_NS_ASSERTIONS = NO;
				ENABLE_STRICT_OBJC_MSGSEND = YES;
				GCC_C_LANGUAGE_STANDARD = gnu11;
				GCC_NO_COMMON_BLOCKS = YES;
				GCC_WARN_64_TO_32_BIT_CONVERSION = YES;
				GCC_WARN_ABOUT_RETURN_TYPE = YES_ERROR;
				GCC_WARN_UNDECLARED_SELECTOR = YES;
				GCC_WARN_UNINITIALIZED_AUTOS = YES_AGGRESSIVE;
				GCC_WARN_UNUSED_FUNCTION = YES;
				GCC_WARN_UNUSED_VARIABLE = YES;
				IPHONEOS_DEPLOYMENT_TARGET = 10.0;
				MTL_ENABLE_DEBUG_INFO = NO;
				SDKROOT = iphoneos;
				SWIFT_OPTIMIZATION_LEVEL = "-Owholemodule";
				VALIDATE_PRODUCT = YES;
			};
			name = Release;
		};
		7D5956022049D3DF008E2C9C /* Debug */ = {
			isa = XCBuildConfiguration;
			baseConfigurationReference = 76BCAD050A66315DA7EF4510 /* Pods-TaskTime.debug.xcconfig */;
			buildSettings = {
				ASSETCATALOG_COMPILER_APPICON_NAME = AppIcon;
				CODE_SIGN_STYLE = Automatic;
				DEVELOPMENT_TEAM = 7HNC26GHZ5;
				INFOPLIST_FILE = "$(SRCROOT)/TaskTime/Info.plist";
				IPHONEOS_DEPLOYMENT_TARGET = 11.0;
				LD_RUNPATH_SEARCH_PATHS = "$(inherited) @executable_path/Frameworks";
				PRODUCT_BUNDLE_IDENTIFIER = com.nilabs.tasktime;
				PRODUCT_NAME = "$(TARGET_NAME)";
				SWIFT_VERSION = 4.0;
				TARGETED_DEVICE_FAMILY = "1,2";
			};
			name = Debug;
		};
		7D5956032049D3DF008E2C9C /* Release */ = {
			isa = XCBuildConfiguration;
			baseConfigurationReference = AA3AEBB195039900A29DBBFC /* Pods-TaskTime.release.xcconfig */;
			buildSettings = {
				ASSETCATALOG_COMPILER_APPICON_NAME = AppIcon;
				CODE_SIGN_STYLE = Automatic;
				DEVELOPMENT_TEAM = 7HNC26GHZ5;
				INFOPLIST_FILE = "$(SRCROOT)/TaskTime/Info.plist";
				IPHONEOS_DEPLOYMENT_TARGET = 11.0;
				LD_RUNPATH_SEARCH_PATHS = "$(inherited) @executable_path/Frameworks";
				PRODUCT_BUNDLE_IDENTIFIER = com.nilabs.tasktime;
				PRODUCT_NAME = "$(TARGET_NAME)";
				SWIFT_VERSION = 4.0;
				TARGETED_DEVICE_FAMILY = "1,2";
			};
			name = Release;
		};
		7D5956052049D3DF008E2C9C /* Debug */ = {
			isa = XCBuildConfiguration;
			baseConfigurationReference = ABCBD013BFB3E4CC21B774B2 /* Pods-TaskTimeTests.debug.xcconfig */;
			buildSettings = {
				ALWAYS_EMBED_SWIFT_STANDARD_LIBRARIES = YES;
				BUNDLE_LOADER = "$(TEST_HOST)";
				CODE_SIGN_STYLE = Automatic;
				DEVELOPMENT_TEAM = 4HA626TXG6;
				INFOPLIST_FILE = "Habit MonitorTests/Info.plist";
				LD_RUNPATH_SEARCH_PATHS = "$(inherited) @executable_path/Frameworks @loader_path/Frameworks";
				PRODUCT_BUNDLE_IDENTIFIER = "com.ni-labs.Habit-MonitorTests";
				PRODUCT_NAME = "$(TARGET_NAME)";
				SWIFT_VERSION = 4.0;
				TARGETED_DEVICE_FAMILY = "1,2";
				TEST_HOST = "$(BUILT_PRODUCTS_DIR)/TaskTime.app/TaskTime";
			};
			name = Debug;
		};
		7D5956062049D3DF008E2C9C /* Release */ = {
			isa = XCBuildConfiguration;
			baseConfigurationReference = D3122BB576354D28F8743120 /* Pods-TaskTimeTests.release.xcconfig */;
			buildSettings = {
				ALWAYS_EMBED_SWIFT_STANDARD_LIBRARIES = YES;
				BUNDLE_LOADER = "$(TEST_HOST)";
				CODE_SIGN_STYLE = Automatic;
				DEVELOPMENT_TEAM = 4HA626TXG6;
				INFOPLIST_FILE = "Habit MonitorTests/Info.plist";
				LD_RUNPATH_SEARCH_PATHS = "$(inherited) @executable_path/Frameworks @loader_path/Frameworks";
				PRODUCT_BUNDLE_IDENTIFIER = "com.ni-labs.Habit-MonitorTests";
				PRODUCT_NAME = "$(TARGET_NAME)";
				SWIFT_VERSION = 4.0;
				TARGETED_DEVICE_FAMILY = "1,2";
				TEST_HOST = "$(BUILT_PRODUCTS_DIR)/TaskTime.app/TaskTime";
			};
			name = Release;
		};
/* End XCBuildConfiguration section */

/* Begin XCConfigurationList section */
		7D5955DF2049D3DF008E2C9C /* Build configuration list for PBXProject "TaskTime" */ = {
			isa = XCConfigurationList;
			buildConfigurations = (
				7D5955FF2049D3DF008E2C9C /* Debug */,
				7D5956002049D3DF008E2C9C /* Release */,
			);
			defaultConfigurationIsVisible = 0;
			defaultConfigurationName = Release;
		};
		7D5956012049D3DF008E2C9C /* Build configuration list for PBXNativeTarget "TaskTime" */ = {
			isa = XCConfigurationList;
			buildConfigurations = (
				7D5956022049D3DF008E2C9C /* Debug */,
				7D5956032049D3DF008E2C9C /* Release */,
			);
			defaultConfigurationIsVisible = 0;
			defaultConfigurationName = Release;
		};
		7D5956042049D3DF008E2C9C /* Build configuration list for PBXNativeTarget "TaskTimeTests" */ = {
			isa = XCConfigurationList;
			buildConfigurations = (
				7D5956052049D3DF008E2C9C /* Debug */,
				7D5956062049D3DF008E2C9C /* Release */,
			);
			defaultConfigurationIsVisible = 0;
			defaultConfigurationName = Release;
		};
/* End XCConfigurationList section */
	};
	rootObject = 7D5955DC2049D3DF008E2C9C /* Project object */;
}
